github.com/gorilla/websocket v1.5.0 h1:PPwGk2jz7EePpoHN/+ClbZu8SPxiqlu12wZP/3sWmnc=
github.com/gorilla/websocket v1.5.0/go.mod h1:YR8l580nyteQvAITg2hZ9XVh4b55+EU/adAjf1fMHhE=
github.com/karalabe/hid v1.0.0 h1:+/CIMNXhSU/zIJgnIvBD2nKHxS/bnRHhhs9xBryLpPo=
github.com/karalabe/hid v1.0.0/go.mod h1:Vr51f8rUOLYrfrWDFlV12GGQgM5AT8sVh+2fY4MPeu8=
github.com/karalabe/usb v0.0.2 h1:M6QQBNxF+CQ8OFvxrT90BA0qBOXymndZnk5q235mFc4=
github.com/karalabe/usb v0.0.2/go.mod h1:Od972xHfMJowv7NGVDiWVxk2zxnWgjLlJzE+F4F7AGU=
github.com/sstallion/go-hid v0.13.3 h1:u1AIMIFz18tyU0mYN2tSqCXd6RfcV7woZ0aSZ09ePEg=
github.com/sstallion/go-hid v0.13.3/go.mod h1:u5TnL2p4LK+neYxizE0roefazZHMN8yMy6Iurd1a+6o=
